
Microsoft Visual Studio Solution File, Format Version 12.00
# Visual Studio Version 17
VisualStudioVersion = 17.7.33711.374
MinimumVisualStudioVersion = 10.0.40219.1
Project("{FAE04EC0-301F-11D3-BF4B-00C04F79EFBC}") = "tstrepo", "tstrepo\tstrepo.csproj", "{8C248ED3-5ADD-43FE-AF33-2EB74263D755}"
EndProject
Global
	GlobalSection(SolutionConfigurationPlatforms) = preSolution
		Debug|Any CPU = Debug|Any CPU
		Release|Any CPU = Release|Any CPU
	EndGlobalSection
	GlobalSection(ProjectConfigurationPlatforms) = postSolution
		{8C248ED3-5ADD-43FE-AF33-2EB74263D755}.Debug|Any CPU.ActiveCfg = Debug|Any CPU
		{8C248ED3-5ADD-43FE-AF33-2EB74263D755}.Debug|Any CPU.Build.0 = Debug|Any CPU
		{8C248ED3-5ADD-43FE-AF33-2EB74263D755}.Release|Any CPU.ActiveCfg = Release|Any CPU
		{8C248ED3-5ADD-43FE-AF33-2EB74263D755}.Release|Any CPU.Build.0 = Release|Any CPU
	EndGlobalSection
	GlobalSection(SolutionProperties) = preSolution
		HideSolutionNode = FALSE
	EndGlobalSection
	GlobalSection(ExtensibilityGlobals) = postSolution
		SolutionGuid = {FDAE7C34-F10B-4D74-99B5-3FA3DCFE25CD}
	EndGlobalSection
EndGlobal
